// !$*UTF8*$!
{
	archiveVersion = 1;
	classes = {
	};
	objectVersion = 56;
	objects = {

/* Begin PBXBuildFile section */
		4E3DA7952C9AE50E005B12F7 /* Schema.swift in Sources */ = {isa = PBXBuildFile; fileRef = 4E3DA7942C9AE50E005B12F7 /* Schema.swift */; };
		4E3DA7972C9AE973005B12F7 /* PhotoProvider.swift in Sources */ = {isa = PBXBuildFile; fileRef = 4E3DA7962C9AE973005B12F7 /* PhotoProvider.swift */; };
		4E3DA7992C9AF1BB005B12F7 /* GetPhotoRequestTests.swift in Sources */ = {isa = PBXBuildFile; fileRef = 4E3DA7982C9AF1BB005B12F7 /* GetPhotoRequestTests.swift */; };
		4E3DA79B2C9B06E9005B12F7 /* MockPhotoProvider.swift in Sources */ = {isa = PBXBuildFile; fileRef = 4E3DA79A2C9B06E9005B12F7 /* MockPhotoProvider.swift */; };
		4E3DA79D2C9B0DA7005B12F7 /* SwiftyJSON.xcframework in Frameworks */ = {isa = PBXBuildFile; fileRef = 4E3DA79C2C9B0DA6005B12F7 /* SwiftyJSON.xcframework */; };
		4E3DA79E2C9B0DA7005B12F7 /* SwiftyJSON.xcframework in Frameworks */ = {isa = PBXBuildFile; fileRef = 4E3DA79C2C9B0DA6005B12F7 /* SwiftyJSON.xcframework */; };
		4E3DA7A42C9C43EF005B12F7 /* ClinicCardViewModel.swift in Sources */ = {isa = PBXBuildFile; fileRef = 4E3DA7A32C9C43EF005B12F7 /* ClinicCardViewModel.swift */; };
		4E3DA7A62C9C440D005B12F7 /* ClinicCard.swift in Sources */ = {isa = PBXBuildFile; fileRef = 4E3DA7A52C9C440D005B12F7 /* ClinicCard.swift */; };
		4E3DA7A82C9C4AFB005B12F7 /* ClinicCell.swift in Sources */ = {isa = PBXBuildFile; fileRef = 4E3DA7A72C9C4AFB005B12F7 /* ClinicCell.swift */; };
		4EECBA7F2C98142100335FF4 /* AppDelegate.swift in Sources */ = {isa = PBXBuildFile; fileRef = 4EECBA7E2C98142100335FF4 /* AppDelegate.swift */; };
		4EECBA812C98142100335FF4 /* SceneDelegate.swift in Sources */ = {isa = PBXBuildFile; fileRef = 4EECBA802C98142100335FF4 /* SceneDelegate.swift */; };
		4EECBA832C98142100335FF4 /* HomeViewController.swift in Sources */ = {isa = PBXBuildFile; fileRef = 4EECBA822C98142100335FF4 /* HomeViewController.swift */; };
		4EECBA882C98142400335FF4 /* Assets.xcassets in Resources */ = {isa = PBXBuildFile; fileRef = 4EECBA872C98142400335FF4 /* Assets.xcassets */; };
		4EECBA8B2C98142400335FF4 /* Base in Resources */ = {isa = PBXBuildFile; fileRef = 4EECBA8A2C98142400335FF4 /* Base */; };
		4EECBA962C98142400335FF4 /* ProcedureCardViewModelTests.swift in Sources */ = {isa = PBXBuildFile; fileRef = 4EECBA952C98142400335FF4 /* ProcedureCardViewModelTests.swift */; };
		4EECBAA02C98142400335FF4 /* ProcedureCardUITests.swift in Sources */ = {isa = PBXBuildFile; fileRef = 4EECBA9F2C98142400335FF4 /* ProcedureCardUITests.swift */; };
		4EECBAB02C98147B00335FF4 /* AppCoordinator.swift in Sources */ = {isa = PBXBuildFile; fileRef = 4EECBAAF2C98147B00335FF4 /* AppCoordinator.swift */; };
		4EECBAB22C981A4700335FF4 /* ProcedureCard.swift in Sources */ = {isa = PBXBuildFile; fileRef = 4EECBAB12C981A4700335FF4 /* ProcedureCard.swift */; };
		4EECBAB72C9824CF00335FF4 /* ProcedureCell.swift in Sources */ = {isa = PBXBuildFile; fileRef = 4EECBAB62C9824CE00335FF4 /* ProcedureCell.swift */; };
		4EECBABB2C98479C00335FF4 /* ProcedureCardViewModel.swift in Sources */ = {isa = PBXBuildFile; fileRef = 4EECBABA2C98479C00335FF4 /* ProcedureCardViewModel.swift */; };
		4EECBABE2C984B8700335FF4 /* SnapKit.xcframework in Frameworks */ = {isa = PBXBuildFile; fileRef = 4EECBABD2C984B8700335FF4 /* SnapKit.xcframework */; };
		4EECBABF2C984B8700335FF4 /* SnapKit.xcframework in Embed Frameworks */ = {isa = PBXBuildFile; fileRef = 4EECBABD2C984B8700335FF4 /* SnapKit.xcframework */; settings = {ATTRIBUTES = (CodeSignOnCopy, RemoveHeadersOnCopy, ); }; };
		4EECBAC22C998C9100335FF4 /* JSUHealthUITestsLaunchTests.swift in Sources */ = {isa = PBXBuildFile; fileRef = 4EECBAC12C998C9100335FF4 /* JSUHealthUITestsLaunchTests.swift */; };
/* End PBXBuildFile section */

/* Begin PBXContainerItemProxy section */
		4EECBA922C98142400335FF4 /* PBXContainerItemProxy */ = {
			isa = PBXContainerItemProxy;
			containerPortal = 4EECBA732C98142100335FF4 /* Project object */;
			proxyType = 1;
			remoteGlobalIDString = 4EECBA7A2C98142100335FF4;
			remoteInfo = JSUHealth;
		};
		4EECBA9C2C98142400335FF4 /* PBXContainerItemProxy */ = {
			isa = PBXContainerItemProxy;
			containerPortal = 4EECBA732C98142100335FF4 /* Project object */;
			proxyType = 1;
			remoteGlobalIDString = 4EECBA7A2C98142100335FF4;
			remoteInfo = JSUHealth;
		};
/* End PBXContainerItemProxy section */

/* Begin PBXCopyFilesBuildPhase section */
		4EECBAC02C984B8700335FF4 /* Embed Frameworks */ = {
			isa = PBXCopyFilesBuildPhase;
			buildActionMask = 2147483647;
			dstPath = "";
			dstSubfolderSpec = 10;
			files = (
				4EECBABF2C984B8700335FF4 /* SnapKit.xcframework in Embed Frameworks */,
			);
			name = "Embed Frameworks";
			runOnlyForDeploymentPostprocessing = 0;
		};
/* End PBXCopyFilesBuildPhase section */

/* Begin PBXFileReference section */
		4E3DA7942C9AE50E005B12F7 /* Schema.swift */ = {isa = PBXFileReference; lastKnownFileType = sourcecode.swift; path = Schema.swift; sourceTree = "<group>"; };
		4E3DA7962C9AE973005B12F7 /* PhotoProvider.swift */ = {isa = PBXFileReference; lastKnownFileType = sourcecode.swift; path = PhotoProvider.swift; sourceTree = "<group>"; };
		4E3DA7982C9AF1BB005B12F7 /* GetPhotoRequestTests.swift */ = {isa = PBXFileReference; lastKnownFileType = sourcecode.swift; path = GetPhotoRequestTests.swift; sourceTree = "<group>"; };
		4E3DA79A2C9B06E9005B12F7 /* MockPhotoProvider.swift */ = {isa = PBXFileReference; lastKnownFileType = sourcecode.swift; path = MockPhotoProvider.swift; sourceTree = "<group>"; };
		4E3DA79C2C9B0DA6005B12F7 /* SwiftyJSON.xcframework */ = {isa = PBXFileReference; lastKnownFileType = wrapper.xcframework; name = SwiftyJSON.xcframework; path = Carthage/Build/SwiftyJSON.xcframework; sourceTree = "<group>"; };
		4E3DA7A32C9C43EF005B12F7 /* ClinicCardViewModel.swift */ = {isa = PBXFileReference; lastKnownFileType = sourcecode.swift; path = ClinicCardViewModel.swift; sourceTree = "<group>"; };
		4E3DA7A52C9C440D005B12F7 /* ClinicCard.swift */ = {isa = PBXFileReference; lastKnownFileType = sourcecode.swift; path = ClinicCard.swift; sourceTree = "<group>"; };
		4E3DA7A72C9C4AFB005B12F7 /* ClinicCell.swift */ = {isa = PBXFileReference; lastKnownFileType = sourcecode.swift; path = ClinicCell.swift; sourceTree = "<group>"; };
		4EECBA7B2C98142100335FF4 /* JSUHealth.app */ = {isa = PBXFileReference; explicitFileType = wrapper.application; includeInIndex = 0; path = JSUHealth.app; sourceTree = BUILT_PRODUCTS_DIR; };
		4EECBA7E2C98142100335FF4 /* AppDelegate.swift */ = {isa = PBXFileReference; lastKnownFileType = sourcecode.swift; path = AppDelegate.swift; sourceTree = "<group>"; };
		4EECBA802C98142100335FF4 /* SceneDelegate.swift */ = {isa = PBXFileReference; lastKnownFileType = sourcecode.swift; path = SceneDelegate.swift; sourceTree = "<group>"; };
		4EECBA822C98142100335FF4 /* HomeViewController.swift */ = {isa = PBXFileReference; lastKnownFileType = sourcecode.swift; path = HomeViewController.swift; sourceTree = "<group>"; };
		4EECBA872C98142400335FF4 /* Assets.xcassets */ = {isa = PBXFileReference; lastKnownFileType = folder.assetcatalog; path = Assets.xcassets; sourceTree = "<group>"; };
		4EECBA8A2C98142400335FF4 /* Base */ = {isa = PBXFileReference; lastKnownFileType = file.storyboard; name = Base; path = Base.lproj/LaunchScreen.storyboard; sourceTree = "<group>"; };
		4EECBA8C2C98142400335FF4 /* Info.plist */ = {isa = PBXFileReference; lastKnownFileType = text.plist.xml; path = Info.plist; sourceTree = "<group>"; };
		4EECBA912C98142400335FF4 /* JSUHealthTests.xctest */ = {isa = PBXFileReference; explicitFileType = wrapper.cfbundle; includeInIndex = 0; path = JSUHealthTests.xctest; sourceTree = BUILT_PRODUCTS_DIR; };
		4EECBA952C98142400335FF4 /* ProcedureCardViewModelTests.swift */ = {isa = PBXFileReference; lastKnownFileType = sourcecode.swift; path = ProcedureCardViewModelTests.swift; sourceTree = "<group>"; };
		4EECBA9B2C98142400335FF4 /* JSUHealthUITests.xctest */ = {isa = PBXFileReference; explicitFileType = wrapper.cfbundle; includeInIndex = 0; path = JSUHealthUITests.xctest; sourceTree = BUILT_PRODUCTS_DIR; };
		4EECBA9F2C98142400335FF4 /* ProcedureCardUITests.swift */ = {isa = PBXFileReference; lastKnownFileType = sourcecode.swift; path = ProcedureCardUITests.swift; sourceTree = "<group>"; };
		4EECBAAF2C98147B00335FF4 /* AppCoordinator.swift */ = {isa = PBXFileReference; lastKnownFileType = sourcecode.swift; path = AppCoordinator.swift; sourceTree = "<group>"; };
		4EECBAB12C981A4700335FF4 /* ProcedureCard.swift */ = {isa = PBXFileReference; lastKnownFileType = sourcecode.swift; path = ProcedureCard.swift; sourceTree = "<group>"; };
		4EECBAB62C9824CE00335FF4 /* ProcedureCell.swift */ = {isa = PBXFileReference; lastKnownFileType = sourcecode.swift; path = ProcedureCell.swift; sourceTree = "<group>"; };
		4EECBABA2C98479C00335FF4 /* ProcedureCardViewModel.swift */ = {isa = PBXFileReference; lastKnownFileType = sourcecode.swift; path = ProcedureCardViewModel.swift; sourceTree = "<group>"; };
		4EECBABD2C984B8700335FF4 /* SnapKit.xcframework */ = {isa = PBXFileReference; lastKnownFileType = wrapper.xcframework; name = SnapKit.xcframework; path = Carthage/Build/SnapKit.xcframework; sourceTree = "<group>"; };
		4EECBAC12C998C9100335FF4 /* JSUHealthUITestsLaunchTests.swift */ = {isa = PBXFileReference; fileEncoding = 4; lastKnownFileType = sourcecode.swift; path = JSUHealthUITestsLaunchTests.swift; sourceTree = "<group>"; };
/* End PBXFileReference section */

/* Begin PBXFrameworksBuildPhase section */
		4EECBA782C98142100335FF4 /* Frameworks */ = {
			isa = PBXFrameworksBuildPhase;
			buildActionMask = 2147483647;
			files = (
				4EECBABE2C984B8700335FF4 /* SnapKit.xcframework in Frameworks */,
				4E3DA79D2C9B0DA7005B12F7 /* SwiftyJSON.xcframework in Frameworks */,
			);
			runOnlyForDeploymentPostprocessing = 0;
		};
		4EECBA8E2C98142400335FF4 /* Frameworks */ = {
			isa = PBXFrameworksBuildPhase;
			buildActionMask = 2147483647;
			files = (
				4E3DA79E2C9B0DA7005B12F7 /* SwiftyJSON.xcframework in Frameworks */,
			);
			runOnlyForDeploymentPostprocessing = 0;
		};
		4EECBA982C98142400335FF4 /* Frameworks */ = {
			isa = PBXFrameworksBuildPhase;
			buildActionMask = 2147483647;
			files = (
			);
			runOnlyForDeploymentPostprocessing = 0;
		};
/* End PBXFrameworksBuildPhase section */

/* Begin PBXGroup section */
		4E3DA7932C9AE4FF005B12F7 /* Unsplash */ = {
			isa = PBXGroup;
			children = (
				4E3DA7942C9AE50E005B12F7 /* Schema.swift */,
				4E3DA7962C9AE973005B12F7 /* PhotoProvider.swift */,
			);
			path = Unsplash;
			sourceTree = "<group>";
		};
		4E3DA7A22C9C43C9005B12F7 /* Clinics */ = {
			isa = PBXGroup;
			children = (
				4E3DA7A32C9C43EF005B12F7 /* ClinicCardViewModel.swift */,
				4E3DA7A72C9C4AFB005B12F7 /* ClinicCell.swift */,
			);
			path = Clinics;
			sourceTree = "<group>";
		};
		4EECBA722C98142100335FF4 = {
			isa = PBXGroup;
			children = (
				4EECBA7D2C98142100335FF4 /* JSUHealth */,
				4EECBA942C98142400335FF4 /* JSUHealthTests */,
				4EECBA9E2C98142400335FF4 /* JSUHealthUITests */,
				4EECBA7C2C98142100335FF4 /* Products */,
				4EECBABC2C984B8700335FF4 /* Frameworks */,
			);
			sourceTree = "<group>";
		};
		4EECBA7C2C98142100335FF4 /* Products */ = {
			isa = PBXGroup;
			children = (
				4EECBA7B2C98142100335FF4 /* JSUHealth.app */,
				4EECBA912C98142400335FF4 /* JSUHealthTests.xctest */,
				4EECBA9B2C98142400335FF4 /* JSUHealthUITests.xctest */,
			);
			name = Products;
			sourceTree = "<group>";
		};
		4EECBA7D2C98142100335FF4 /* JSUHealth */ = {
			isa = PBXGroup;
			children = (
				4EECBAAE2C98147100335FF4 /* Coordinators */,
				4EECBA7E2C98142100335FF4 /* AppDelegate.swift */,
				4EECBA802C98142100335FF4 /* SceneDelegate.swift */,
				4EECBAB42C9824B800335FF4 /* Modules */,
				4EECBAB32C981A4F00335FF4 /* Model */,
				4E3DA7932C9AE4FF005B12F7 /* Unsplash */,
				4EECBA872C98142400335FF4 /* Assets.xcassets */,
				4EECBA892C98142400335FF4 /* LaunchScreen.storyboard */,
				4EECBA8C2C98142400335FF4 /* Info.plist */,
			);
			path = JSUHealth;
			sourceTree = "<group>";
		};
		4EECBA942C98142400335FF4 /* JSUHealthTests */ = {
			isa = PBXGroup;
			children = (
				4E3DA79A2C9B06E9005B12F7 /* MockPhotoProvider.swift */,
				4EECBA952C98142400335FF4 /* ProcedureCardViewModelTests.swift */,
				4E3DA7982C9AF1BB005B12F7 /* GetPhotoRequestTests.swift */,
			);
			path = JSUHealthTests;
			sourceTree = "<group>";
		};
		4EECBA9E2C98142400335FF4 /* JSUHealthUITests */ = {
			isa = PBXGroup;
			children = (
				4EECBA9F2C98142400335FF4 /* ProcedureCardUITests.swift */,
				4EECBAC12C998C9100335FF4 /* JSUHealthUITestsLaunchTests.swift */,
			);
			path = JSUHealthUITests;
			sourceTree = "<group>";
		};
		4EECBAAE2C98147100335FF4 /* Coordinators */ = {
			isa = PBXGroup;
			children = (
				4EECBAAF2C98147B00335FF4 /* AppCoordinator.swift */,
			);
			path = Coordinators;
			sourceTree = "<group>";
		};
		4EECBAB32C981A4F00335FF4 /* Model */ = {
			isa = PBXGroup;
			children = (
				4EECBAB12C981A4700335FF4 /* ProcedureCard.swift */,
				4E3DA7A52C9C440D005B12F7 /* ClinicCard.swift */,
			);
			path = Model;
			sourceTree = "<group>";
		};
		4EECBAB42C9824B800335FF4 /* Modules */ = {
			isa = PBXGroup;
			children = (
				4E3DA7A22C9C43C9005B12F7 /* Clinics */,
				4EECBAB52C9824BE00335FF4 /* Procedures */,
			);
			path = Modules;
			sourceTree = "<group>";
		};
		4EECBAB52C9824BE00335FF4 /* Procedures */ = {
			isa = PBXGroup;
			children = (
				4EECBA822C98142100335FF4 /* HomeViewController.swift */,
				4EECBAB62C9824CE00335FF4 /* ProcedureCell.swift */,
				4EECBABA2C98479C00335FF4 /* ProcedureCardViewModel.swift */,
			);
			path = Procedures;
			sourceTree = "<group>";
		};
		4EECBABC2C984B8700335FF4 /* Frameworks */ = {
			isa = PBXGroup;
			children = (
				4EECBABD2C984B8700335FF4 /* SnapKit.xcframework */,
				4E3DA79C2C9B0DA6005B12F7 /* SwiftyJSON.xcframework */,
			);
			name = Frameworks;
			sourceTree = "<group>";
		};
/* End PBXGroup section */

/* Begin PBXNativeTarget section */
		4EECBA7A2C98142100335FF4 /* JSUHealth */ = {
			isa = PBXNativeTarget;
			buildConfigurationList = 4EECBAA52C98142400335FF4 /* Build configuration list for PBXNativeTarget "JSUHealth" */;
			buildPhases = (
				4EECBA772C98142100335FF4 /* Sources */,
				4EECBA782C98142100335FF4 /* Frameworks */,
				4EECBA792C98142100335FF4 /* Resources */,
				4EECBAC02C984B8700335FF4 /* Embed Frameworks */,
			);
			buildRules = (
			);
			dependencies = (
			);
			name = JSUHealth;
			productName = JSUHealth;
			productReference = 4EECBA7B2C98142100335FF4 /* JSUHealth.app */;
			productType = "com.apple.product-type.application";
		};
		4EECBA902C98142400335FF4 /* JSUHealthTests */ = {
			isa = PBXNativeTarget;
			buildConfigurationList = 4EECBAA82C98142400335FF4 /* Build configuration list for PBXNativeTarget "JSUHealthTests" */;
			buildPhases = (
				4EECBA8D2C98142400335FF4 /* Sources */,
				4EECBA8E2C98142400335FF4 /* Frameworks */,
				4EECBA8F2C98142400335FF4 /* Resources */,
			);
			buildRules = (
			);
			dependencies = (
				4EECBA932C98142400335FF4 /* PBXTargetDependency */,
			);
			name = JSUHealthTests;
			productName = JSUHealthTests;
			productReference = 4EECBA912C98142400335FF4 /* JSUHealthTests.xctest */;
			productType = "com.apple.product-type.bundle.unit-test";
		};
		4EECBA9A2C98142400335FF4 /* JSUHealthUITests */ = {
			isa = PBXNativeTarget;
			buildConfigurationList = 4EECBAAB2C98142400335FF4 /* Build configuration list for PBXNativeTarget "JSUHealthUITests" */;
			buildPhases = (
				4EECBA972C98142400335FF4 /* Sources */,
				4EECBA982C98142400335FF4 /* Frameworks */,
				4EECBA992C98142400335FF4 /* Resources */,
			);
			buildRules = (
			);
			dependencies = (
				4EECBA9D2C98142400335FF4 /* PBXTargetDependency */,
			);
			name = JSUHealthUITests;
			productName = JSUHealthUITests;
			productReference = 4EECBA9B2C98142400335FF4 /* JSUHealthUITests.xctest */;
			productType = "com.apple.product-type.bundle.ui-testing";
		};
/* End PBXNativeTarget section */

/* Begin PBXProject section */
		4EECBA732C98142100335FF4 /* Project object */ = {
			isa = PBXProject;
			attributes = {
				BuildIndependentTargetsInParallel = 1;
				LastSwiftUpdateCheck = 1530;
				LastUpgradeCheck = 1530;
				TargetAttributes = {
					4EECBA7A2C98142100335FF4 = {
						CreatedOnToolsVersion = 15.3;
					};
					4EECBA902C98142400335FF4 = {
						CreatedOnToolsVersion = 15.3;
						TestTargetID = 4EECBA7A2C98142100335FF4;
					};
					4EECBA9A2C98142400335FF4 = {
						CreatedOnToolsVersion = 15.3;
						TestTargetID = 4EECBA7A2C98142100335FF4;
					};
				};
			};
			buildConfigurationList = 4EECBA762C98142100335FF4 /* Build configuration list for PBXProject "JSUHealth" */;
			compatibilityVersion = "Xcode 14.0";
			developmentRegion = en;
			hasScannedForEncodings = 0;
			knownRegions = (
				en,
				Base,
			);
			mainGroup = 4EECBA722C98142100335FF4;
			productRefGroup = 4EECBA7C2C98142100335FF4 /* Products */;
			projectDirPath = "";
			projectRoot = "";
			targets = (
				4EECBA7A2C98142100335FF4 /* JSUHealth */,
				4EECBA902C98142400335FF4 /* JSUHealthTests */,
				4EECBA9A2C98142400335FF4 /* JSUHealthUITests */,
			);
		};
/* End PBXProject section */

/* Begin PBXResourcesBuildPhase section */
		4EECBA792C98142100335FF4 /* Resources */ = {
			isa = PBXResourcesBuildPhase;
			buildActionMask = 2147483647;
			files = (
				4EECBA882C98142400335FF4 /* Assets.xcassets in Resources */,
				4EECBA8B2C98142400335FF4 /* Base in Resources */,
			);
			runOnlyForDeploymentPostprocessing = 0;
		};
		4EECBA8F2C98142400335FF4 /* Resources */ = {
			isa = PBXResourcesBuildPhase;
			buildActionMask = 2147483647;
			files = (
			);
			runOnlyForDeploymentPostprocessing = 0;
		};
		4EECBA992C98142400335FF4 /* Resources */ = {
			isa = PBXResourcesBuildPhase;
			buildActionMask = 2147483647;
			files = (
			);
			runOnlyForDeploymentPostprocessing = 0;
		};
/* End PBXResourcesBuildPhase section */

/* Begin PBXSourcesBuildPhase section */
		4EECBA772C98142100335FF4 /* Sources */ = {
			isa = PBXSourcesBuildPhase;
			buildActionMask = 2147483647;
			files = (
				4E3DA7A62C9C440D005B12F7 /* ClinicCard.swift in Sources */,
				4E3DA7A82C9C4AFB005B12F7 /* ClinicCell.swift in Sources */,
				4E3DA7952C9AE50E005B12F7 /* Schema.swift in Sources */,
				4E3DA7972C9AE973005B12F7 /* PhotoProvider.swift in Sources */,
				4EECBABB2C98479C00335FF4 /* ProcedureCardViewModel.swift in Sources */,
				4EECBAB02C98147B00335FF4 /* AppCoordinator.swift in Sources */,
				4E3DA7A42C9C43EF005B12F7 /* ClinicCardViewModel.swift in Sources */,
				4EECBAB72C9824CF00335FF4 /* ProcedureCell.swift in Sources */,
				4EECBA832C98142100335FF4 /* HomeViewController.swift in Sources */,
				4EECBAB22C981A4700335FF4 /* ProcedureCard.swift in Sources */,
				4EECBA7F2C98142100335FF4 /* AppDelegate.swift in Sources */,
				4EECBA812C98142100335FF4 /* SceneDelegate.swift in Sources */,
			);
			runOnlyForDeploymentPostprocessing = 0;
		};
		4EECBA8D2C98142400335FF4 /* Sources */ = {
			isa = PBXSourcesBuildPhase;
			buildActionMask = 2147483647;
			files = (
				4EECBA962C98142400335FF4 /* ProcedureCardViewModelTests.swift in Sources */,
				4E3DA79B2C9B06E9005B12F7 /* MockPhotoProvider.swift in Sources */,
				4E3DA7992C9AF1BB005B12F7 /* GetPhotoRequestTests.swift in Sources */,
			);
			runOnlyForDeploymentPostprocessing = 0;
		};
		4EECBA972C98142400335FF4 /* Sources */ = {
			isa = PBXSourcesBuildPhase;
			buildActionMask = 2147483647;
			files = (
				4EECBAA02C98142400335FF4 /* ProcedureCardUITests.swift in Sources */,
				4EECBAC22C998C9100335FF4 /* JSUHealthUITestsLaunchTests.swift in Sources */,
			);
			runOnlyForDeploymentPostprocessing = 0;
		};
/* End PBXSourcesBuildPhase section */

/* Begin PBXTargetDependency section */
		4EECBA932C98142400335FF4 /* PBXTargetDependency */ = {
			isa = PBXTargetDependency;
			target = 4EECBA7A2C98142100335FF4 /* JSUHealth */;
			targetProxy = 4EECBA922C98142400335FF4 /* PBXContainerItemProxy */;
		};
		4EECBA9D2C98142400335FF4 /* PBXTargetDependency */ = {
			isa = PBXTargetDependency;
			target = 4EECBA7A2C98142100335FF4 /* JSUHealth */;
			targetProxy = 4EECBA9C2C98142400335FF4 /* PBXContainerItemProxy */;
		};
/* End PBXTargetDependency section */

/* Begin PBXVariantGroup section */
		4EECBA892C98142400335FF4 /* LaunchScreen.storyboard */ = {
			isa = PBXVariantGroup;
			children = (
				4EECBA8A2C98142400335FF4 /* Base */,
			);
			name = LaunchScreen.storyboard;
			sourceTree = "<group>";
		};
/* End PBXVariantGroup section */

/* Begin XCBuildConfiguration section */
		4EECBAA32C98142400335FF4 /* Debug */ = {
			isa = XCBuildConfiguration;
			buildSettings = {
				ALWAYS_SEARCH_USER_PATHS = NO;
				ASSETCATALOG_COMPILER_GENERATE_SWIFT_ASSET_SYMBOL_EXTENSIONS = YES;
				CLANG_ANALYZER_NONNULL = YES;
				CLANG_ANALYZER_NUMBER_OBJECT_CONVERSION = YES_AGGRESSIVE;
				CLANG_CXX_LANGUAGE_STANDARD = "gnu++20";
				CLANG_ENABLE_MODULES = YES;
				CLANG_ENABLE_OBJC_ARC = YES;
				CLANG_ENABLE_OBJC_WEAK = YES;
				CLANG_WARN_BLOCK_CAPTURE_AUTORELEASING = YES;
				CLANG_WARN_BOOL_CONVERSION = YES;
				CLANG_WARN_COMMA = YES;
				CLANG_WARN_CONSTANT_CONVERSION = YES;
				CLANG_WARN_DEPRECATED_OBJC_IMPLEMENTATIONS = YES;
				CLANG_WARN_DIRECT_OBJC_ISA_USAGE = YES_ERROR;
				CLANG_WARN_DOCUMENTATION_COMMENTS = YES;
				CLANG_WARN_EMPTY_BODY = YES;
				CLANG_WARN_ENUM_CONVERSION = YES;
				CLANG_WARN_INFINITE_RECURSION = YES;
				CLANG_WARN_INT_CONVERSION = YES;
				CLANG_WARN_NON_LITERAL_NULL_CONVERSION = YES;
				CLANG_WARN_OBJC_IMPLICIT_RETAIN_SELF = YES;
				CLANG_WARN_OBJC_LITERAL_CONVERSION = YES;
				CLANG_WARN_OBJC_ROOT_CLASS = YES_ERROR;
				CLANG_WARN_QUOTED_INCLUDE_IN_FRAMEWORK_HEADER = YES;
				CLANG_WARN_RANGE_LOOP_ANALYSIS = YES;
				CLANG_WARN_STRICT_PROTOTYPES = YES;
				CLANG_WARN_SUSPICIOUS_MOVE = YES;
				CLANG_WARN_UNGUARDED_AVAILABILITY = YES_AGGRESSIVE;
				CLANG_WARN_UNREACHABLE_CODE = YES;
				CLANG_WARN__DUPLICATE_METHOD_MATCH = YES;
				COPY_PHASE_STRIP = NO;
				DEBUG_INFORMATION_FORMAT = dwarf;
				ENABLE_STRICT_OBJC_MSGSEND = YES;
				ENABLE_TESTABILITY = YES;
				ENABLE_USER_SCRIPT_SANDBOXING = YES;
				GCC_C_LANGUAGE_STANDARD = gnu17;
				GCC_DYNAMIC_NO_PIC = NO;
				GCC_NO_COMMON_BLOCKS = YES;
				GCC_OPTIMIZATION_LEVEL = 0;
				GCC_PREPROCESSOR_DEFINITIONS = (
					"DEBUG=1",
					"$(inherited)",
				);
				GCC_WARN_64_TO_32_BIT_CONVERSION = YES;
				GCC_WARN_ABOUT_RETURN_TYPE = YES_ERROR;
				GCC_WARN_UNDECLARED_SELECTOR = YES;
				GCC_WARN_UNINITIALIZED_AUTOS = YES_AGGRESSIVE;
				GCC_WARN_UNUSED_FUNCTION = YES;
				GCC_WARN_UNUSED_VARIABLE = YES;
				IPHONEOS_DEPLOYMENT_TARGET = 17.4;
				LOCALIZATION_PREFERS_STRING_CATALOGS = YES;
				MTL_ENABLE_DEBUG_INFO = INCLUDE_SOURCE;
				MTL_FAST_MATH = YES;
				ONLY_ACTIVE_ARCH = YES;
				SDKROOT = iphoneos;
				SWIFT_ACTIVE_COMPILATION_CONDITIONS = "DEBUG $(inherited)";
				SWIFT_OPTIMIZATION_LEVEL = "-Onone";
			};
			name = Debug;
		};
		4EECBAA42C98142400335FF4 /* Release */ = {
			isa = XCBuildConfiguration;
			buildSettings = {
				ALWAYS_SEARCH_USER_PATHS = NO;
				ASSETCATALOG_COMPILER_GENERATE_SWIFT_ASSET_SYMBOL_EXTENSIONS = YES;
				CLANG_ANALYZER_NONNULL = YES;
				CLANG_ANALYZER_NUMBER_OBJECT_CONVERSION = YES_AGGRESSIVE;
				CLANG_CXX_LANGUAGE_STANDARD = "gnu++20";
				CLANG_ENABLE_MODULES = YES;
				CLANG_ENABLE_OBJC_ARC = YES;
				CLANG_ENABLE_OBJC_WEAK = YES;
				CLANG_WARN_BLOCK_CAPTURE_AUTORELEASING = YES;
				CLANG_WARN_BOOL_CONVERSION = YES;
				CLANG_WARN_COMMA = YES;
				CLANG_WARN_CONSTANT_CONVERSION = YES;
				CLANG_WARN_DEPRECATED_OBJC_IMPLEMENTATIONS = YES;
				CLANG_WARN_DIRECT_OBJC_ISA_USAGE = YES_ERROR;
				CLANG_WARN_DOCUMENTATION_COMMENTS = YES;
				CLANG_WARN_EMPTY_BODY = YES;
				CLANG_WARN_ENUM_CONVERSION = YES;
				CLANG_WARN_INFINITE_RECURSION = YES;
				CLANG_WARN_INT_CONVERSION = YES;
				CLANG_WARN_NON_LITERAL_NULL_CONVERSION = YES;
				CLANG_WARN_OBJC_IMPLICIT_RETAIN_SELF = YES;
				CLANG_WARN_OBJC_LITERAL_CONVERSION = YES;
				CLANG_WARN_OBJC_ROOT_CLASS = YES_ERROR;
				CLANG_WARN_QUOTED_INCLUDE_IN_FRAMEWORK_HEADER = YES;
				CLANG_WARN_RANGE_LOOP_ANALYSIS = YES;
				CLANG_WARN_STRICT_PROTOTYPES = YES;
				CLANG_WARN_SUSPICIOUS_MOVE = YES;
				CLANG_WARN_UNGUARDED_AVAILABILITY = YES_AGGRESSIVE;
				CLANG_WARN_UNREACHABLE_CODE = YES;
				CLANG_WARN__DUPLICATE_METHOD_MATCH = YES;
				COPY_PHASE_STRIP = NO;
				DEBUG_INFORMATION_FORMAT = "dwarf-with-dsym";
				ENABLE_NS_ASSERTIONS = NO;
				ENABLE_STRICT_OBJC_MSGSEND = YES;
				ENABLE_USER_SCRIPT_SANDBOXING = YES;
				GCC_C_LANGUAGE_STANDARD = gnu17;
				GCC_NO_COMMON_BLOCKS = YES;
				GCC_WARN_64_TO_32_BIT_CONVERSION = YES;
				GCC_WARN_ABOUT_RETURN_TYPE = YES_ERROR;
				GCC_WARN_UNDECLARED_SELECTOR = YES;
				GCC_WARN_UNINITIALIZED_AUTOS = YES_AGGRESSIVE;
				GCC_WARN_UNUSED_FUNCTION = YES;
				GCC_WARN_UNUSED_VARIABLE = YES;
				IPHONEOS_DEPLOYMENT_TARGET = 17.4;
				LOCALIZATION_PREFERS_STRING_CATALOGS = YES;
				MTL_ENABLE_DEBUG_INFO = NO;
				MTL_FAST_MATH = YES;
				SDKROOT = iphoneos;
				SWIFT_COMPILATION_MODE = wholemodule;
				VALIDATE_PRODUCT = YES;
			};
			name = Release;
		};
		4EECBAA62C98142400335FF4 /* Debug */ = {
			isa = XCBuildConfiguration;
			buildSettings = {
				ASSETCATALOG_COMPILER_APPICON_NAME = AppIcon;
				ASSETCATALOG_COMPILER_GLOBAL_ACCENT_COLOR_NAME = AccentColor;
				CODE_SIGN_STYLE = Automatic;
				CURRENT_PROJECT_VERSION = 1;
				DEVELOPMENT_TEAM = X5QPQ583EG;
				GENERATE_INFOPLIST_FILE = YES;
				INFOPLIST_FILE = JSUHealth/Info.plist;
				INFOPLIST_KEY_UIApplicationSupportsIndirectInputEvents = YES;
				INFOPLIST_KEY_UILaunchStoryboardName = LaunchScreen;
				INFOPLIST_KEY_UISupportedInterfaceOrientations_iPad = "UIInterfaceOrientationPortrait UIInterfaceOrientationPortraitUpsideDown UIInterfaceOrientationLandscapeLeft UIInterfaceOrientationLandscapeRight";
				INFOPLIST_KEY_UISupportedInterfaceOrientations_iPhone = "UIInterfaceOrientationPortrait UIInterfaceOrientationLandscapeLeft UIInterfaceOrientationLandscapeRight";
				LD_RUNPATH_SEARCH_PATHS = (
					"$(inherited)",
					"@executable_path/Frameworks",
				);
				MARKETING_VERSION = 1.0;
				PRODUCT_BUNDLE_IDENTIFIER = com.animata.JSUHealth;
				PRODUCT_NAME = "$(TARGET_NAME)";
				SWIFT_EMIT_LOC_STRINGS = YES;
				SWIFT_VERSION = 5.0;
				TARGETED_DEVICE_FAMILY = "1,2";
			};
			name = Debug;
		};
		4EECBAA72C98142400335FF4 /* Release */ = {
			isa = XCBuildConfiguration;
			buildSettings = {
				ASSETCATALOG_COMPILER_APPICON_NAME = AppIcon;
				ASSETCATALOG_COMPILER_GLOBAL_ACCENT_COLOR_NAME = AccentColor;
				CODE_SIGN_STYLE = Automatic;
				CURRENT_PROJECT_VERSION = 1;
				DEVELOPMENT_TEAM = X5QPQ583EG;
				GENERATE_INFOPLIST_FILE = YES;
				INFOPLIST_FILE = JSUHealth/Info.plist;
				INFOPLIST_KEY_UIApplicationSupportsIndirectInputEvents = YES;
				INFOPLIST_KEY_UILaunchStoryboardName = LaunchScreen;
				INFOPLIST_KEY_UISupportedInterfaceOrientations_iPad = "UIInterfaceOrientationPortrait UIInterfaceOrientationPortraitUpsideDown UIInterfaceOrientationLandscapeLeft UIInterfaceOrientationLandscapeRight";
				INFOPLIST_KEY_UISupportedInterfaceOrientations_iPhone = "UIInterfaceOrientationPortrait UIInterfaceOrientationLandscapeLeft UIInterfaceOrientationLandscapeRight";
				LD_RUNPATH_SEARCH_PATHS = (
					"$(inherited)",
					"@executable_path/Frameworks",
				);
				MARKETING_VERSION = 1.0;
				PRODUCT_BUNDLE_IDENTIFIER = com.animata.JSUHealth;
				PRODUCT_NAME = "$(TARGET_NAME)";
				SWIFT_EMIT_LOC_STRINGS = YES;
				SWIFT_VERSION = 5.0;
				TARGETED_DEVICE_FAMILY = "1,2";
			};
			name = Release;
		};
		4EECBAA92C98142400335FF4 /* Debug */ = {
			isa = XCBuildConfiguration;
			buildSettings = {
				ALWAYS_EMBED_SWIFT_STANDARD_LIBRARIES = YES;
				BUNDLE_LOADER = "$(TEST_HOST)";
				CODE_SIGN_STYLE = Automatic;
				CURRENT_PROJECT_VERSION = 1;
				DEVELOPMENT_TEAM = X5QPQ583EG;
				GENERATE_INFOPLIST_FILE = YES;
				IPHONEOS_DEPLOYMENT_TARGET = 17.4;
				MARKETING_VERSION = 1.0;
				PRODUCT_BUNDLE_IDENTIFIER = com.animata.JSUHealthTests;
				PRODUCT_NAME = "$(TARGET_NAME)";
				SWIFT_EMIT_LOC_STRINGS = NO;
				SWIFT_VERSION = 5.0;
				TARGETED_DEVICE_FAMILY = "1,2";
				TEST_HOST = "$(BUILT_PRODUCTS_DIR)/JSUHealth.app/$(BUNDLE_EXECUTABLE_FOLDER_PATH)/JSUHealth";
			};
			name = Debug;
		};
		4EECBAAA2C98142400335FF4 /* Release */ = {
			isa = XCBuildConfiguration;
			buildSettings = {
				ALWAYS_EMBED_SWIFT_STANDARD_LIBRARIES = YES;
				BUNDLE_LOADER = "$(TEST_HOST)";
				CODE_SIGN_STYLE = Automatic;
				CURRENT_PROJECT_VERSION = 1;
				DEVELOPMENT_TEAM = X5QPQ583EG;
				GENERATE_INFOPLIST_FILE = YES;
				IPHONEOS_DEPLOYMENT_TARGET = 17.4;
				MARKETING_VERSION = 1.0;
				PRODUCT_BUNDLE_IDENTIFIER = com.animata.JSUHealthTests;
				PRODUCT_NAME = "$(TARGET_NAME)";
				SWIFT_EMIT_LOC_STRINGS = NO;
				SWIFT_VERSION = 5.0;
				TARGETED_DEVICE_FAMILY = "1,2";
				TEST_HOST = "$(BUILT_PRODUCTS_DIR)/JSUHealth.app/$(BUNDLE_EXECUTABLE_FOLDER_PATH)/JSUHealth";
			};
			name = Release;
		};
		4EECBAAC2C98142400335FF4 /* Debug */ = {
			isa = XCBuildConfiguration;
			buildSettings = {
				ALWAYS_EMBED_SWIFT_STANDARD_LIBRARIES = YES;
				CODE_SIGN_STYLE = Automatic;
				CURRENT_PROJECT_VERSION = 1;
				DEVELOPMENT_TEAM = X5QPQ583EG;
				GENERATE_INFOPLIST_FILE = YES;
				MARKETING_VERSION = 1.0;
				PRODUCT_BUNDLE_IDENTIFIER = com.animata.JSUHealthUITests;
				PRODUCT_NAME = "$(TARGET_NAME)";
				SWIFT_EMIT_LOC_STRINGS = NO;
				SWIFT_VERSION = 5.0;
				TARGETED_DEVICE_FAMILY = "1,2";
				TEST_TARGET_NAME = JSUHealth;
			};
			name = Debug;
		};
		4EECBAAD2C98142400335FF4 /* Release */ = {
			isa = XCBuildConfiguration;
			buildSettings = {
				ALWAYS_EMBED_SWIFT_STANDARD_LIBRARIES = YES;
				CODE_SIGN_STYLE = Automatic;
				CURRENT_PROJECT_VERSION = 1;
				DEVELOPMENT_TEAM = X5QPQ583EG;
				GENERATE_INFOPLIST_FILE = YES;
				MARKETING_VERSION = 1.0;
				PRODUCT_BUNDLE_IDENTIFIER = com.animata.JSUHealthUITests;
				PRODUCT_NAME = "$(TARGET_NAME)";
				SWIFT_EMIT_LOC_STRINGS = NO;
				SWIFT_VERSION = 5.0;
				TARGETED_DEVICE_FAMILY = "1,2";
				TEST_TARGET_NAME = JSUHealth;
			};
			name = Release;
		};
/* End XCBuildConfiguration section */

/* Begin XCConfigurationList section */
		4EECBA762C98142100335FF4 /* Build configuration list for PBXProject "JSUHealth" */ = {
			isa = XCConfigurationList;
			buildConfigurations = (
				4EECBAA32C98142400335FF4 /* Debug */,
				4EECBAA42C98142400335FF4 /* Release */,
			);
			defaultConfigurationIsVisible = 0;
			defaultConfigurationName = Release;
		};
		4EECBAA52C98142400335FF4 /* Build configuration list for PBXNativeTarget "JSUHealth" */ = {
			isa = XCConfigurationList;
			buildConfigurations = (
				4EECBAA62C98142400335FF4 /* Debug */,
				4EECBAA72C98142400335FF4 /* Release */,
			);
			defaultConfigurationIsVisible = 0;
			defaultConfigurationName = Release;
		};
		4EECBAA82C98142400335FF4 /* Build configuration list for PBXNativeTarget "JSUHealthTests" */ = {
			isa = XCConfigurationList;
			buildConfigurations = (
				4EECBAA92C98142400335FF4 /* Debug */,
				4EECBAAA2C98142400335FF4 /* Release */,
			);
			defaultConfigurationIsVisible = 0;
			defaultConfigurationName = Release;
		};
		4EECBAAB2C98142400335FF4 /* Build configuration list for PBXNativeTarget "JSUHealthUITests" */ = {
			isa = XCConfigurationList;
			buildConfigurations = (
				4EECBAAC2C98142400335FF4 /* Debug */,
				4EECBAAD2C98142400335FF4 /* Release */,
			);
			defaultConfigurationIsVisible = 0;
			defaultConfigurationName = Release;
		};
/* End XCConfigurationList section */
	};
	rootObject = 4EECBA732C98142100335FF4 /* Project object */;
}
